<?xml version="1.0" encoding="utf-8"?>
<Project ToolsVersion="4.0" xmlns="http://schemas.microsoft.com/developer/msbuild/2003">
  <ItemGroup>
    <Filter Include="Source Files">
      <UniqueIdentifier>{4FC737F1-C7A5-4376-A066-2A32D752A2FF}</UniqueIdentifier>
      <Extensions>cpp;c;cc;cxx;def;odl;idl;hpj;bat;asm;asmx</Extensions>
    </Filter>
    <Filter Include="Header Files">
      <UniqueIdentifier>{93995380-89BD-4b04-88EB-625FBE52EBFB}</UniqueIdentifier>
      <Extensions>h;hh;hpp;hxx;hm;inl;inc;xsd</Extensions>
    </Filter>
    <Filter Include="Resource Files">
      <UniqueIdentifier>{67DA6AB6-F800-4c08-8B7A-83BB121AAD01}</UniqueIdentifier>
      <Extensions>rc;ico;cur;bmp;dlg;rc2;rct;bin;rgs;gif;jpg;jpeg;jpe;resx;tiff;tif;png;wav;mfcribbon-ms</Extensions>
    </Filter>
    <Filter Include="Shaders">
      <UniqueIdentifier>{ce2f73d9-005d-433f-8b0c-47c2f8cd6cac}</UniqueIdentifier>
    </Filter>
    <Filter Include="Shaders\Default_Shaders">
      <UniqueIdentifier>{b05f539a-93ca-434f-aea0-58303973c9b8}</UniqueIdentifier>
    </Filter>
    <Filter Include="Shaders\Static_Shaders">
      <UniqueIdentifier>{c2dc28bb-3897-4004-80e4-a902cd7c7a1c}</UniqueIdentifier>
    </Filter>
    <Filter Include="Render">
      <UniqueIdentifier>{eb2255ca-4d8b-4693-b0a0-bfd8cd0c7d40}</UniqueIdentifier>
    </Filter>
    <Filter Include="Game">
      <UniqueIdentifier>{6b5a07be-34ec-4488-b2d9-1a0e6ec192c7}</UniqueIdentifier>
    </Filter>
    <Filter Include="Utility">
      <UniqueIdentifier>{2fb9b301-a841-43ae-8228-40e400a467e0}</UniqueIdentifier>
    </Filter>
    <Filter Include="Definitions">
      <UniqueIdentifier>{4cb0e733-1cb8-4de7-b750-373726fe3a78}</UniqueIdentifier>
    </Filter>
    <Filter Include="Manager">
      <UniqueIdentifier>{4ef6084e-823a-4d64-a8d1-80bf6ca96167}</UniqueIdentifier>
    </Filter>
  </ItemGroup>
  <ItemGroup>
    <Text Include="ReadMe.txt" />
  </ItemGroup>
  <ItemGroup>
    <ClInclude Include="targetver.h">
      <Filter>Header Files</Filter>
    </ClInclude>
    <ClInclude Include="Resource.h">
      <Filter>Header Files</Filter>
    </ClInclude>
    <ClInclude Include="UnsungEngine.h">
      <Filter>Header Files</Filter>
    </ClInclude>
    <ClInclude Include="WICTextureLoader.h">
      <Filter>Header Files</Filter>
    </ClInclude>
    <ClInclude Include="Render_UI.h">
      <Filter>Render</Filter>
    </ClInclude>
    <ClInclude Include="Render_World.h">
      <Filter>Render</Filter>
    </ClInclude>
    <ClInclude Include="RenderComponent.h">
      <Filter>Render</Filter>
    </ClInclude>
    <ClInclude Include="Renderer.h">
      <Filter>Render</Filter>
    </ClInclude>
    <ClInclude Include="GameObject.h">
      <Filter>Game</Filter>
    </ClInclude>
    <ClInclude Include="GameState.h">
      <Filter>Game</Filter>
    </ClInclude>
    <ClInclude Include="UVector.h">
      <Filter>Utility</Filter>
    </ClInclude>
    <ClInclude Include="UTime.h">
      <Filter>Utility</Filter>
    </ClInclude>
    <ClInclude Include="SystemDefinition.h">
      <Filter>Definitions</Filter>
    </ClInclude>
    <ClInclude Include="Definition.h">
      <Filter>Definitions</Filter>
    </ClInclude>
    <ClInclude Include="stdafx.h">
      <Filter>Definitions</Filter>
    </ClInclude>
    <ClInclude Include="ObjectManager.h">
      <Filter>Manager</Filter>
    </ClInclude>
    <ClInclude Include="Transform.h">
      <Filter>Game</Filter>
    </ClInclude>
    <ClInclude Include="DDSTextureLoader.h">
      <Filter>Header Files</Filter>
    </ClInclude>
    <ClInclude Include="Input.h">
      <Filter>Utility</Filter>
    </ClInclude>
  </ItemGroup>
  <ItemGroup>
    <ClCompile Include="stdafx.cpp">
      <Filter>Source Files</Filter>
    </ClCompile>
    <ClCompile Include="UnsungEngine.cpp">
      <Filter>Source Files</Filter>
    </ClCompile>
    <ClCompile Include="WICTextureLoader.cpp">
      <Filter>Source Files</Filter>
    </ClCompile>
    <ClCompile Include="Render_UI.cpp">
      <Filter>Render</Filter>
    </ClCompile>
    <ClCompile Include="Render_World.cpp">
      <Filter>Render</Filter>
    </ClCompile>
    <ClCompile Include="RenderComponent.cpp">
      <Filter>Render</Filter>
    </ClCompile>
    <ClCompile Include="Renderer.cpp">
      <Filter>Render</Filter>
    </ClCompile>
    <ClCompile Include="GameObject.cpp">
      <Filter>Game</Filter>
    </ClCompile>
    <ClCompile Include="GameState.cpp">
      <Filter>Game</Filter>
    </ClCompile>
    <ClCompile Include="UTime.cpp">
      <Filter>Utility</Filter>
    </ClCompile>
    <ClCompile Include="ObjectManager.cpp">
      <Filter>Manager</Filter>
    </ClCompile>
    <ClCompile Include="Transform.cpp">
      <Filter>Game</Filter>
    </ClCompile>
    <ClCompile Include="DDSTextureLoader.cpp">
      <Filter>Source Files</Filter>
    </ClCompile>
    <ClCompile Include="Input.cpp">
      <Filter>Utility</Filter>
    </ClCompile>
  </ItemGroup>
  <ItemGroup>
    <ResourceCompile Include="UnsungEngine.rc">
      <Filter>Resource Files</Filter>
    </ResourceCompile>
  </ItemGroup>
  <ItemGroup>
    <Image Include="small.ico">
      <Filter>Resource Files</Filter>
    </Image>
    <Image Include="UnsungEngine.ico">
      <Filter>Resource Files</Filter>
    </Image>
  </ItemGroup>
  <ItemGroup>
    <FxCompile Include="Shaders\Default_VS.hlsl">
      <Filter>Shaders\Default_Shaders</Filter>
    </FxCompile>
    <FxCompile Include="Shaders\Default_PS.hlsl">
      <Filter>Shaders\Default_Shaders</Filter>
    </FxCompile>
    <FxCompile Include="Shaders\Default_GS.hlsl">
      <Filter>Shaders\Default_Shaders</Filter>
    </FxCompile>
    <FxCompile Include="Shaders\Static_PS.hlsl">
      <Filter>Shaders\Static_Shaders</Filter>
    </FxCompile>
    <FxCompile Include="Shaders\Static_VS.hlsl">
      <Filter>Shaders\Static_Shaders</Filter>
    </FxCompile>
  </ItemGroup>
</Project>